
Microsoft Visual Studio Solution File, Format Version 12.00
# Visual Studio Version 17
VisualStudioVersion = 17.9.34728.123
MinimumVisualStudioVersion = 10.0.40219.1
Project("{FAE04EC0-301F-11D3-BF4B-00C04F79EFBC}") = "Prueba-donas", "Prueba-donas.csproj", "{722285D2-952D-4CFF-9941-54D42372099E}"
EndProject
Global
	GlobalSection(SolutionConfigurationPlatforms) = preSolution
		Debug|Any CPU = Debug|Any CPU
		Release|Any CPU = Release|Any CPU
	EndGlobalSection
	GlobalSection(ProjectConfigurationPlatforms) = postSolution
		{722285D2-952D-4CFF-9941-54D42372099E}.Debug|Any CPU.ActiveCfg = Debug|Any CPU
		{722285D2-952D-4CFF-9941-54D42372099E}.Debug|Any CPU.Build.0 = Debug|Any CPU
		{722285D2-952D-4CFF-9941-54D42372099E}.Release|Any CPU.ActiveCfg = Release|Any CPU
		{722285D2-952D-4CFF-9941-54D42372099E}.Release|Any CPU.Build.0 = Release|Any CPU
	EndGlobalSection
	GlobalSection(SolutionProperties) = preSolution
		HideSolutionNode = FALSE
	EndGlobalSection
	GlobalSection(ExtensibilityGlobals) = postSolution
		SolutionGuid = {8922C96A-E58B-4CB9-96A0-3AB81C7E89FA}
	EndGlobalSection
EndGlobal
